
Microsoft Visual Studio Solution File, Format Version 10.00
# Visual Studio 2008
Project("{8BC9CEB8-8B4A-11D0-8D11-00A0C91BC942}") = "SkinnedMesh", "SkinnedMesh.vcproj", "{B03D44C5-BE34-49F4-B5BB-B78086CD7412}"
EndProject
Global
	GlobalSection(SolutionConfigurationPlatforms) = preSolution
		Debug|Win32 = Debug|Win32
		Release|Win32 = Release|Win32
	EndGlobalSection
	GlobalSection(ProjectConfigurationPlatforms) = postSolution
		{B03D44C5-BE34-49F4-B5BB-B78086CD7412}.Debug|Win32.ActiveCfg = Debug|Win32
		{B03D44C5-BE34-49F4-B5BB-B78086CD7412}.Debug|Win32.Build.0 = Debug|Win32
		{B03D44C5-BE34-49F4-B5BB-B78086CD7412}.Release|Win32.ActiveCfg = Release|Win32
		{B03D44C5-BE34-49F4-B5BB-B78086CD7412}.Release|Win32.Build.0 = Release|Win32
	EndGlobalSection
	GlobalSection(SolutionProperties) = preSolution
		HideSolutionNode = FALSE
	EndGlobalSection
EndGlobal
